
Microsoft Visual Studio Solution File, Format Version 12.00
# Visual Studio 15
VisualStudioVersion = 15.0.27130.2020
MinimumVisualStudioVersion = 10.0.40219.1
Project("{FAE04EC0-301F-11D3-BF4B-00C04F79EFBC}") = "FarmaciaC", "FarmaciaC\FarmaciaC.csproj", "{9BD362E9-C0E2-4433-97AA-D05A4564E657}"
EndProject
Global
	GlobalSection(SolutionConfigurationPlatforms) = preSolution
		Debug|Any CPU = Debug|Any CPU
		Release|Any CPU = Release|Any CPU
	EndGlobalSection
	GlobalSection(ProjectConfigurationPlatforms) = postSolution
		{9BD362E9-C0E2-4433-97AA-D05A4564E657}.Debug|Any CPU.ActiveCfg = Debug|Any CPU
		{9BD362E9-C0E2-4433-97AA-D05A4564E657}.Debug|Any CPU.Build.0 = Debug|Any CPU
		{9BD362E9-C0E2-4433-97AA-D05A4564E657}.Release|Any CPU.ActiveCfg = Release|Any CPU
		{9BD362E9-C0E2-4433-97AA-D05A4564E657}.Release|Any CPU.Build.0 = Release|Any CPU
	EndGlobalSection
	GlobalSection(SolutionProperties) = preSolution
		HideSolutionNode = FALSE
	EndGlobalSection
	GlobalSection(ExtensibilityGlobals) = postSolution
		SolutionGuid = {B44AD34D-4DFE-4AFF-94F2-C3A279493096}
	EndGlobalSection
EndGlobal
